// !$*UTF8*$!
{
	archiveVersion = 1;
	classes = {
	};
	objectVersion = 50;
	objects = {

/* Begin PBXBuildFile section */
		3BF7D2D4212F1F7B00BCC0AA /* AppDelegate.swift in Sources */ = {isa = PBXBuildFile; fileRef = 3BF7D2D3212F1F7B00BCC0AA /* AppDelegate.swift */; };
		3BF7D2D6212F1F7B00BCC0AA /* ViewController.swift in Sources */ = {isa = PBXBuildFile; fileRef = 3BF7D2D5212F1F7B00BCC0AA /* ViewController.swift */; };
		3BF7D2D9212F1F7B00BCC0AA /* Main.storyboard in Resources */ = {isa = PBXBuildFile; fileRef = 3BF7D2D7212F1F7B00BCC0AA /* Main.storyboard */; };
		3BF7D2DB212F1F7C00BCC0AA /* Assets.xcassets in Resources */ = {isa = PBXBuildFile; fileRef = 3BF7D2DA212F1F7C00BCC0AA /* Assets.xcassets */; };
		3BF7D2DE212F1F7C00BCC0AA /* LaunchScreen.storyboard in Resources */ = {isa = PBXBuildFile; fileRef = 3BF7D2DC212F1F7C00BCC0AA /* LaunchScreen.storyboard */; };
		3BF7D2E9212F1F7C00BCC0AA /* We_AreTests.swift in Sources */ = {isa = PBXBuildFile; fileRef = 3BF7D2E8212F1F7C00BCC0AA /* We_AreTests.swift */; };
/* End PBXBuildFile section */

/* Begin PBXContainerItemProxy section */
		3BF7D2E5212F1F7C00BCC0AA /* PBXContainerItemProxy */ = {
			isa = PBXContainerItemProxy;
			containerPortal = 3BF7D2C8212F1F7B00BCC0AA /* Project object */;
			proxyType = 1;
			remoteGlobalIDString = 3BF7D2CF212F1F7B00BCC0AA;
			remoteInfo = "We Are";
		};
/* End PBXContainerItemProxy section */

/* Begin PBXFileReference section */
		3BF7D2D0212F1F7B00BCC0AA /* We Are.app */ = {isa = PBXFileReference; explicitFileType = wrapper.application; includeInIndex = 0; path = "We Are.app"; sourceTree = BUILT_PRODUCTS_DIR; };
		3BF7D2D3212F1F7B00BCC0AA /* AppDelegate.swift */ = {isa = PBXFileReference; lastKnownFileType = sourcecode.swift; path = AppDelegate.swift; sourceTree = "<group>"; };
		3BF7D2D5212F1F7B00BCC0AA /* ViewController.swift */ = {isa = PBXFileReference; lastKnownFileType = sourcecode.swift; path = ViewController.swift; sourceTree = "<group>"; };
		3BF7D2D8212F1F7B00BCC0AA /* Base */ = {isa = PBXFileReference; lastKnownFileType = file.storyboard; name = Base; path = Base.lproj/Main.storyboard; sourceTree = "<group>"; };
		3BF7D2DA212F1F7C00BCC0AA /* Assets.xcassets */ = {isa = PBXFileReference; lastKnownFileType = folder.assetcatalog; path = Assets.xcassets; sourceTree = "<group>"; };
		3BF7D2DD212F1F7C00BCC0AA /* Base */ = {isa = PBXFileReference; lastKnownFileType = file.storyboard; name = Base; path = Base.lproj/LaunchScreen.storyboard; sourceTree = "<group>"; };
		3BF7D2DF212F1F7C00BCC0AA /* Info.plist */ = {isa = PBXFileReference; lastKnownFileType = text.plist.xml; path = Info.plist; sourceTree = "<group>"; };
		3BF7D2E4212F1F7C00BCC0AA /* We AreTests.xctest */ = {isa = PBXFileReference; explicitFileType = wrapper.cfbundle; includeInIndex = 0; path = "We AreTests.xctest"; sourceTree = BUILT_PRODUCTS_DIR; };
		3BF7D2E8212F1F7C00BCC0AA /* We_AreTests.swift */ = {isa = PBXFileReference; lastKnownFileType = sourcecode.swift; path = We_AreTests.swift; sourceTree = "<group>"; };
		3BF7D2EA212F1F7D00BCC0AA /* Info.plist */ = {isa = PBXFileReference; lastKnownFileType = text.plist.xml; path = Info.plist; sourceTree = "<group>"; };
/* End PBXFileReference section */

/* Begin PBXFrameworksBuildPhase section */
		3BF7D2CD212F1F7B00BCC0AA /* Frameworks */ = {
			isa = PBXFrameworksBuildPhase;
			buildActionMask = 2147483647;
			files = (
			);
			runOnlyForDeploymentPostprocessing = 0;
		};
		3BF7D2E1212F1F7C00BCC0AA /* Frameworks */ = {
			isa = PBXFrameworksBuildPhase;
			buildActionMask = 2147483647;
			files = (
			);
			runOnlyForDeploymentPostprocessing = 0;
		};
/* End PBXFrameworksBuildPhase section */

/* Begin PBXGroup section */
		3BF7D2C7212F1F7B00BCC0AA = {
			isa = PBXGroup;
			children = (
				3BF7D2D2212F1F7B00BCC0AA /* We Are */,
				3BF7D2E7212F1F7C00BCC0AA /* We AreTests */,
				3BF7D2D1212F1F7B00BCC0AA /* Products */,
			);
			sourceTree = "<group>";
		};
		3BF7D2D1212F1F7B00BCC0AA /* Products */ = {
			isa = PBXGroup;
			children = (
				3BF7D2D0212F1F7B00BCC0AA /* We Are.app */,
				3BF7D2E4212F1F7C00BCC0AA /* We AreTests.xctest */,
			);
			name = Products;
			sourceTree = "<group>";
		};
		3BF7D2D2212F1F7B00BCC0AA /* We Are */ = {
			isa = PBXGroup;
			children = (
				3BF7D2D3212F1F7B00BCC0AA /* AppDelegate.swift */,
				3BF7D2D5212F1F7B00BCC0AA /* ViewController.swift */,
				3BF7D2D7212F1F7B00BCC0AA /* Main.storyboard */,
				3BF7D2DA212F1F7C00BCC0AA /* Assets.xcassets */,
				3BF7D2DC212F1F7C00BCC0AA /* LaunchScreen.storyboard */,
				3BF7D2DF212F1F7C00BCC0AA /* Info.plist */,
			);
			path = "We Are";
			sourceTree = "<group>";
		};
		3BF7D2E7212F1F7C00BCC0AA /* We AreTests */ = {
			isa = PBXGroup;
			children = (
				3BF7D2E8212F1F7C00BCC0AA /* We_AreTests.swift */,
				3BF7D2EA212F1F7D00BCC0AA /* Info.plist */,
			);
			path = "We AreTests";
			sourceTree = "<group>";
		};
/* End PBXGroup section */

/* Begin PBXNativeTarget section */
		3BF7D2CF212F1F7B00BCC0AA /* We Are */ = {
			isa = PBXNativeTarget;
			buildConfigurationList = 3BF7D2ED212F1F7D00BCC0AA /* Build configuration list for PBXNativeTarget "We Are" */;
			buildPhases = (
				3BF7D2CC212F1F7B00BCC0AA /* Sources */,
				3BF7D2CD212F1F7B00BCC0AA /* Frameworks */,
				3BF7D2CE212F1F7B00BCC0AA /* Resources */,
			);
			buildRules = (
			);
			dependencies = (
			);
			name = "We Are";
			productName = "We Are";
			productReference = 3BF7D2D0212F1F7B00BCC0AA /* We Are.app */;
			productType = "com.apple.product-type.application";
		};
		3BF7D2E3212F1F7C00BCC0AA /* We AreTests */ = {
			isa = PBXNativeTarget;
			buildConfigurationList = 3BF7D2F0212F1F7D00BCC0AA /* Build configuration list for PBXNativeTarget "We AreTests" */;
			buildPhases = (
				3BF7D2E0212F1F7C00BCC0AA /* Sources */,
				3BF7D2E1212F1F7C00BCC0AA /* Frameworks */,
				3BF7D2E2212F1F7C00BCC0AA /* Resources */,
			);
			buildRules = (
			);
			dependencies = (
				3BF7D2E6212F1F7C00BCC0AA /* PBXTargetDependency */,
			);
			name = "We AreTests";
			productName = "We AreTests";
			productReference = 3BF7D2E4212F1F7C00BCC0AA /* We AreTests.xctest */;
			productType = "com.apple.product-type.bundle.unit-test";
		};
/* End PBXNativeTarget section */

/* Begin PBXProject section */
		3BF7D2C8212F1F7B00BCC0AA /* Project object */ = {
			isa = PBXProject;
			attributes = {
				LastSwiftUpdateCheck = 0940;
				LastUpgradeCheck = 0940;
				ORGANIZATIONNAME = "John Hannan";
				TargetAttributes = {
					3BF7D2CF212F1F7B00BCC0AA = {
						CreatedOnToolsVersion = 9.4.1;
						LastSwiftMigration = 1010;
					};
					3BF7D2E3212F1F7C00BCC0AA = {
						CreatedOnToolsVersion = 9.4.1;
						LastSwiftMigration = 1010;
						TestTargetID = 3BF7D2CF212F1F7B00BCC0AA;
					};
				};
			};
			buildConfigurationList = 3BF7D2CB212F1F7B00BCC0AA /* Build configuration list for PBXProject "We Are" */;
			compatibilityVersion = "Xcode 9.3";
			developmentRegion = en;
			hasScannedForEncodings = 0;
			knownRegions = (
				en,
				Base,
			);
			mainGroup = 3BF7D2C7212F1F7B00BCC0AA;
			productRefGroup = 3BF7D2D1212F1F7B00BCC0AA /* Products */;
			projectDirPath = "";
			projectRoot = "";
			targets = (
				3BF7D2CF212F1F7B00BCC0AA /* We Are */,
				3BF7D2E3212F1F7C00BCC0AA /* We AreTests */,
			);
		};
/* End PBXProject section */

/* Begin PBXResourcesBuildPhase section */
		3BF7D2CE212F1F7B00BCC0AA /* Resources */ = {
			isa = PBXResourcesBuildPhase;
			buildActionMask = 2147483647;
			files = (
				3BF7D2DE212F1F7C00BCC0AA /* LaunchScreen.storyboard in Resources */,
				3BF7D2DB212F1F7C00BCC0AA /* Assets.xcassets in Resources */,
				3BF7D2D9212F1F7B00BCC0AA /* Main.storyboard in Resources */,
			);
			runOnlyForDeploymentPostprocessing = 0;
		};
		3BF7D2E2212F1F7C00BCC0AA /* Resources */ = {
			isa = PBXResourcesBuildPhase;
			buildActionMask = 2147483647;
			files = (
			);
			runOnlyForDeploymentPostprocessing = 0;
		};
/* End PBXResourcesBuildPhase section */

/* Begin PBXSourcesBuildPhase section */
		3BF7D2CC212F1F7B00BCC0AA /* Sources */ = {
			isa = PBXSourcesBuildPhase;
			buildActionMask = 2147483647;
			files = (
				3BF7D2D6212F1F7B00BCC0AA /* ViewController.swift in Sources */,
				3BF7D2D4212F1F7B00BCC0AA /* AppDelegate.swift in Sources */,
			);
			runOnlyForDeploymentPostprocessing = 0;
		};
		3BF7D2E0212F1F7C00BCC0AA /* Sources */ = {
			isa = PBXSourcesBuildPhase;
			buildActionMask = 2147483647;
			files = (
				3BF7D2E9212F1F7C00BCC0AA /* We_AreTests.swift in Sources */,
			);
			runOnlyForDeploymentPostprocessing = 0;
		};
/* End PBXSourcesBuildPhase section */

/* Begin PBXTargetDependency section */
		3BF7D2E6212F1F7C00BCC0AA /* PBXTargetDependency */ = {
			isa = PBXTargetDependency;
			target = 3BF7D2CF212F1F7B00BCC0AA /* We Are */;
			targetProxy = 3BF7D2E5212F1F7C00BCC0AA /* PBXContainerItemProxy */;
		};
/* End PBXTargetDependency section */

/* Begin PBXVariantGroup section */
		3BF7D2D7212F1F7B00BCC0AA /* Main.storyboard */ = {
			isa = PBXVariantGroup;
			children = (
				3BF7D2D8212F1F7B00BCC0AA /* Base */,
			);
			name = Main.storyboard;
			sourceTree = "<group>";
		};
		3BF7D2DC212F1F7C00BCC0AA /* LaunchScreen.storyboard */ = {
			isa = PBXVariantGroup;
			children = (
				3BF7D2DD212F1F7C00BCC0AA /* Base */,
			);
			name = LaunchScreen.storyboard;
			sourceTree = "<group>";
		};
/* End PBXVariantGroup section */

/* Begin XCBuildConfiguration section */
		3BF7D2EB212F1F7D00BCC0AA /* Debug */ = {
			isa = XCBuildConfiguration;
			buildSettings = {
				ALWAYS_SEARCH_USER_PATHS = NO;
				CLANG_ANALYZER_NONNULL = YES;
				CLANG_ANALYZER_NUMBER_OBJECT_CONVERSION = YES_AGGRESSIVE;
				CLANG_CXX_LANGUAGE_STANDARD = "gnu++14";
				CLANG_CXX_LIBRARY = "libc++";
				CLANG_ENABLE_MODULES = YES;
				CLANG_ENABLE_OBJC_ARC = YES;
				CLANG_ENABLE_OBJC_WEAK = YES;
				CLANG_WARN_BLOCK_CAPTURE_AUTORELEASING = YES;
				CLANG_WARN_BOOL_CONVERSION = YES;
				CLANG_WARN_COMMA = YES;
				CLANG_WARN_CONSTANT_CONVERSION = YES;
				CLANG_WARN_DEPRECATED_OBJC_IMPLEMENTATIONS = YES;
				CLANG_WARN_DIRECT_OBJC_ISA_USAGE = YES_ERROR;
				CLANG_WARN_DOCUMENTATION_COMMENTS = YES;
				CLANG_WARN_EMPTY_BODY = YES;
				CLANG_WARN_ENUM_CONVERSION = YES;
				CLANG_WARN_INFINITE_RECURSION = YES;
				CLANG_WARN_INT_CONVERSION = YES;
				CLANG_WARN_NON_LITERAL_NULL_CONVERSION = YES;
				CLANG_WARN_OBJC_IMPLICIT_RETAIN_SELF = YES;
				CLANG_WARN_OBJC_LITERAL_CONVERSION = YES;
				CLANG_WARN_OBJC_ROOT_CLASS = YES_ERROR;
				CLANG_WARN_RANGE_LOOP_ANALYSIS = YES;
				CLANG_WARN_STRICT_PROTOTYPES = YES;
				CLANG_WARN_SUSPICIOUS_MOVE = YES;
				CLANG_WARN_UNGUARDED_AVAILABILITY = YES_AGGRESSIVE;
				CLANG_WARN_UNREACHABLE_CODE = YES;
				CLANG_WARN__DUPLICATE_METHOD_MATCH = YES;
				CODE_SIGN_IDENTITY = "iPhone Developer";
				COPY_PHASE_STRIP = NO;
				DEBUG_INFORMATION_FORMAT = dwarf;
				ENABLE_STRICT_OBJC_MSGSEND = YES;
				ENABLE_TESTABILITY = YES;
				GCC_C_LANGUAGE_STANDARD = gnu11;
				GCC_DYNAMIC_NO_PIC = NO;
				GCC_NO_COMMON_BLOCKS = YES;
				GCC_OPTIMIZATION_LEVEL = 0;
				GCC_PREPROCESSOR_DEFINITIONS = (
					"DEBUG=1",
					"$(inherited)",
				);
				GCC_WARN_64_TO_32_BIT_CONVERSION = YES;
				GCC_WARN_ABOUT_RETURN_TYPE = YES_ERROR;
				GCC_WARN_UNDECLARED_SELECTOR = YES;
				GCC_WARN_UNINITIALIZED_AUTOS = YES_AGGRESSIVE;
				GCC_WARN_UNUSED_FUNCTION = YES;
				GCC_WARN_UNUSED_VARIABLE = YES;
				IPHONEOS_DEPLOYMENT_TARGET = 11.4;
				MTL_ENABLE_DEBUG_INFO = YES;
				ONLY_ACTIVE_ARCH = YES;
				SDKROOT = iphoneos;
				SWIFT_ACTIVE_COMPILATION_CONDITIONS = DEBUG;
				SWIFT_OPTIMIZATION_LEVEL = "-Onone";
			};
			name = Debug;
		};
		3BF7D2EC212F1F7D00BCC0AA /* Release */ = {
			isa = XCBuildConfiguration;
			buildSettings = {
				ALWAYS_SEARCH_USER_PATHS = NO;
				CLANG_ANALYZER_NONNULL = YES;
				CLANG_ANALYZER_NUMBER_OBJECT_CONVERSION = YES_AGGRESSIVE;
				CLANG_CXX_LANGUAGE_STANDARD = "gnu++14";
				CLANG_CXX_LIBRARY = "libc++";
				CLANG_ENABLE_MODULES = YES;
				CLANG_ENABLE_OBJC_ARC = YES;
				CLANG_ENABLE_OBJC_WEAK = YES;
				CLANG_WARN_BLOCK_CAPTURE_AUTORELEASING = YES;
				CLANG_WARN_BOOL_CONVERSION = YES;
				CLANG_WARN_COMMA = YES;
				CLANG_WARN_CONSTANT_CONVERSION = YES;
				CLANG_WARN_DEPRECATED_OBJC_IMPLEMENTATIONS = YES;
				CLANG_WARN_DIRECT_OBJC_ISA_USAGE = YES_ERROR;
				CLANG_WARN_DOCUMENTATION_COMMENTS = YES;
				CLANG_WARN_EMPTY_BODY = YES;
				CLANG_WARN_ENUM_CONVERSION = YES;
				CLANG_WARN_INFINITE_RECURSION = YES;
				CLANG_WARN_INT_CONVERSION = YES;
				CLANG_WARN_NON_LITERAL_NULL_CONVERSION = YES;
				CLANG_WARN_OBJC_IMPLICIT_RETAIN_SELF = YES;
				CLANG_WARN_OBJC_LITERAL_CONVERSION = YES;
				CLANG_WARN_OBJC_ROOT_CLASS = YES_ERROR;
				CLANG_WARN_RANGE_LOOP_ANALYSIS = YES;
				CLANG_WARN_STRICT_PROTOTYPES = YES;
				CLANG_WARN_SUSPICIOUS_MOVE = YES;
				CLANG_WARN_UNGUARDED_AVAILABILITY = YES_AGGRESSIVE;
				CLANG_WARN_UNREACHABLE_CODE = YES;
				CLANG_WARN__DUPLICATE_METHOD_MATCH = YES;
				CODE_SIGN_IDENTITY = "iPhone Developer";
				COPY_PHASE_STRIP = NO;
				DEBUG_INFORMATION_FORMAT = "dwarf-with-dsym";
				ENABLE_NS_ASSERTIONS = NO;
				ENABLE_STRICT_OBJC_MSGSEND = YES;
				GCC_C_LANGUAGE_STANDARD = gnu11;
				GCC_NO_COMMON_BLOCKS = YES;
				GCC_WARN_64_TO_32_BIT_CONVERSION = YES;
				GCC_WARN_ABOUT_RETURN_TYPE = YES_ERROR;
				GCC_WARN_UNDECLARED_SELECTOR = YES;
				GCC_WARN_UNINITIALIZED_AUTOS = YES_AGGRESSIVE;
				GCC_WARN_UNUSED_FUNCTION = YES;
				GCC_WARN_UNUSED_VARIABLE = YES;
				IPHONEOS_DEPLOYMENT_TARGET = 11.4;
				MTL_ENABLE_DEBUG_INFO = NO;
				SDKROOT = iphoneos;
				SWIFT_COMPILATION_MODE = wholemodule;
				SWIFT_OPTIMIZATION_LEVEL = "-O";
				VALIDATE_PRODUCT = YES;
			};
			name = Release;
		};
		3BF7D2EE212F1F7D00BCC0AA /* Debug */ = {
			isa = XCBuildConfiguration;
			buildSettings = {
				ASSETCATALOG_COMPILER_APPICON_NAME = AppIcon;
				CODE_SIGN_STYLE = Automatic;
				INFOPLIST_FILE = "We Are/Info.plist";
				LD_RUNPATH_SEARCH_PATHS = (
					"$(inherited)",
					"@executable_path/Frameworks",
				);
				PRODUCT_BUNDLE_IDENTIFIER = "edu.psu.cse.hannan.We-Are";
				PRODUCT_NAME = "$(TARGET_NAME)";
				SWIFT_VERSION = 4.2;
				TARGETED_DEVICE_FAMILY = "1,2";
			};
			name = Debug;
		};
		3BF7D2EF212F1F7D00BCC0AA /* Release */ = {
			isa = XCBuildConfiguration;
			buildSettings = {
				ASSETCATALOG_COMPILER_APPICON_NAME = AppIcon;
				CODE_SIGN_STYLE = Automatic;
				INFOPLIST_FILE = "We Are/Info.plist";
				LD_RUNPATH_SEARCH_PATHS = (
					"$(inherited)",
					"@executable_path/Frameworks",
				);
				PRODUCT_BUNDLE_IDENTIFIER = "edu.psu.cse.hannan.We-Are";
				PRODUCT_NAME = "$(TARGET_NAME)";
				SWIFT_VERSION = 4.2;
				TARGETED_DEVICE_FAMILY = "1,2";
			};
			name = Release;
		};
		3BF7D2F1212F1F7D00BCC0AA /* Debug */ = {
			isa = XCBuildConfiguration;
			buildSettings = {
				ALWAYS_EMBED_SWIFT_STANDARD_LIBRARIES = YES;
				BUNDLE_LOADER = "$(TEST_HOST)";
				CODE_SIGN_STYLE = Automatic;
				INFOPLIST_FILE = "We AreTests/Info.plist";
				LD_RUNPATH_SEARCH_PATHS = (
					"$(inherited)",
					"@executable_path/Frameworks",
					"@loader_path/Frameworks",
				);
				PRODUCT_BUNDLE_IDENTIFIER = "edu.psu.cse.hannan.We-AreTests";
				PRODUCT_NAME = "$(TARGET_NAME)";
				SWIFT_VERSION = 4.2;
				TARGETED_DEVICE_FAMILY = "1,2";
				TEST_HOST = "$(BUILT_PRODUCTS_DIR)/We Are.app/We Are";
			};
			name = Debug;
		};
		3BF7D2F2212F1F7D00BCC0AA /* Release */ = {
			isa = XCBuildConfiguration;
			buildSettings = {
				ALWAYS_EMBED_SWIFT_STANDARD_LIBRARIES = YES;
				BUNDLE_LOADER = "$(TEST_HOST)";
				CODE_SIGN_STYLE = Automatic;
				INFOPLIST_FILE = "We AreTests/Info.plist";
				LD_RUNPATH_SEARCH_PATHS = (
					"$(inherited)",
					"@executable_path/Frameworks",
					"@loader_path/Frameworks",
				);
				PRODUCT_BUNDLE_IDENTIFIER = "edu.psu.cse.hannan.We-AreTests";
				PRODUCT_NAME = "$(TARGET_NAME)";
				SWIFT_VERSION = 4.2;
				TARGETED_DEVICE_FAMILY = "1,2";
				TEST_HOST = "$(BUILT_PRODUCTS_DIR)/We Are.app/We Are";
			};
			name = Release;
		};
/* End XCBuildConfiguration section */

/* Begin XCConfigurationList section */
		3BF7D2CB212F1F7B00BCC0AA /* Build configuration list for PBXProject "We Are" */ = {
			isa = XCConfigurationList;
			buildConfigurations = (
				3BF7D2EB212F1F7D00BCC0AA /* Debug */,
				3BF7D2EC212F1F7D00BCC0AA /* Release */,
			);
			defaultConfigurationIsVisible = 0;
			defaultConfigurationName = Release;
		};
		3BF7D2ED212F1F7D00BCC0AA /* Build configuration list for PBXNativeTarget "We Are" */ = {
			isa = XCConfigurationList;
			buildConfigurations = (
				3BF7D2EE212F1F7D00BCC0AA /* Debug */,
				3BF7D2EF212F1F7D00BCC0AA /* Release */,
			);
			defaultConfigurationIsVisible = 0;
			defaultConfigurationName = Release;
		};
		3BF7D2F0212F1F7D00BCC0AA /* Build configuration list for PBXNativeTarget "We AreTests" */ = {
			isa = XCConfigurationList;
			buildConfigurations = (
				3BF7D2F1212F1F7D00BCC0AA /* Debug */,
				3BF7D2F2212F1F7D00BCC0AA /* Release */,
			);
			defaultConfigurationIsVisible = 0;
			defaultConfigurationName = Release;
		};
/* End XCConfigurationList section */
	};
	rootObject = 3BF7D2C8212F1F7B00BCC0AA /* Project object */;
}
